
Microsoft Visual Studio Solution File, Format Version 12.00
# Visual Studio Version 17
VisualStudioVersion = 17.6.33815.320
MinimumVisualStudioVersion = 10.0.40219.1
Project("{FAE04EC0-301F-11D3-BF4B-00C04F79EFBC}") = "Tracking_Assets", "Tracking_Assets\Tracking_Assets.csproj", "{293B1BE6-F47D-4230-87BC-E9D9B314C89E}"
EndProject
Global
	GlobalSection(SolutionConfigurationPlatforms) = preSolution
		Debug|Any CPU = Debug|Any CPU
		Release|Any CPU = Release|Any CPU
	EndGlobalSection
	GlobalSection(ProjectConfigurationPlatforms) = postSolution
		{293B1BE6-F47D-4230-87BC-E9D9B314C89E}.Debug|Any CPU.ActiveCfg = Debug|Any CPU
		{293B1BE6-F47D-4230-87BC-E9D9B314C89E}.Debug|Any CPU.Build.0 = Debug|Any CPU
		{293B1BE6-F47D-4230-87BC-E9D9B314C89E}.Release|Any CPU.ActiveCfg = Release|Any CPU
		{293B1BE6-F47D-4230-87BC-E9D9B314C89E}.Release|Any CPU.Build.0 = Release|Any CPU
	EndGlobalSection
	GlobalSection(SolutionProperties) = preSolution
		HideSolutionNode = FALSE
	EndGlobalSection
	GlobalSection(ExtensibilityGlobals) = postSolution
		SolutionGuid = {EEC562F6-2B96-4490-92E1-D74D587718C4}
	EndGlobalSection
EndGlobal
